
Microsoft Visual Studio Solution File, Format Version 12.00
Project("{FAE04EC0-301F-11D3-BF4B-00C04F79EFBC}") = "WpfFileManager", "WpfFileManager\WpfFileManager.csproj", "{E4B1FDBB-DCB0-4E74-BD7A-DD2826710BC8}"
EndProject
Project("{2150E333-8FDC-42A3-9474-1A3956D46DE8}") = "Libraries", "Libraries", "{585CDFB7-3DD8-4284-BDC4-8F28D067EF9D}"
EndProject
Project("{FAE04EC0-301F-11D3-BF4B-00C04F79EFBC}") = "Entities", "Entities\Entities.csproj", "{6C8043F3-EB93-4667-802C-02677E42B440}"
EndProject
Project("{FAE04EC0-301F-11D3-BF4B-00C04F79EFBC}") = "Extensions", "Extensions\Extensions.csproj", "{1EB56FD4-4B6E-4756-983F-8247AAC5C050}"
EndProject
Project("{FAE04EC0-301F-11D3-BF4B-00C04F79EFBC}") = "Services.Core", "Services.Core\Services.Core.csproj", "{F52880D4-2438-4D70-84E7-E33B2B707690}"
EndProject
Project("{FAE04EC0-301F-11D3-BF4B-00C04F79EFBC}") = "Services", "Services\Services.csproj", "{34255FE6-8F43-416E-B881-63750045404C}"
EndProject
Project("{2150E333-8FDC-42A3-9474-1A3956D46DE8}") = "Tests", "Tests", "{76AE06DE-89B6-4A56-897A-9F4A61C261DE}"
EndProject
Global
	GlobalSection(SolutionConfigurationPlatforms) = preSolution
		Debug|Any CPU = Debug|Any CPU
		Release|Any CPU = Release|Any CPU
	EndGlobalSection
	GlobalSection(ProjectConfigurationPlatforms) = postSolution
		{E4B1FDBB-DCB0-4E74-BD7A-DD2826710BC8}.Debug|Any CPU.ActiveCfg = Debug|Any CPU
		{E4B1FDBB-DCB0-4E74-BD7A-DD2826710BC8}.Debug|Any CPU.Build.0 = Debug|Any CPU
		{E4B1FDBB-DCB0-4E74-BD7A-DD2826710BC8}.Release|Any CPU.ActiveCfg = Release|Any CPU
		{E4B1FDBB-DCB0-4E74-BD7A-DD2826710BC8}.Release|Any CPU.Build.0 = Release|Any CPU
		{6C8043F3-EB93-4667-802C-02677E42B440}.Debug|Any CPU.ActiveCfg = Debug|Any CPU
		{6C8043F3-EB93-4667-802C-02677E42B440}.Debug|Any CPU.Build.0 = Debug|Any CPU
		{6C8043F3-EB93-4667-802C-02677E42B440}.Release|Any CPU.ActiveCfg = Release|Any CPU
		{6C8043F3-EB93-4667-802C-02677E42B440}.Release|Any CPU.Build.0 = Release|Any CPU
		{1EB56FD4-4B6E-4756-983F-8247AAC5C050}.Debug|Any CPU.ActiveCfg = Debug|Any CPU
		{1EB56FD4-4B6E-4756-983F-8247AAC5C050}.Debug|Any CPU.Build.0 = Debug|Any CPU
		{1EB56FD4-4B6E-4756-983F-8247AAC5C050}.Release|Any CPU.ActiveCfg = Release|Any CPU
		{1EB56FD4-4B6E-4756-983F-8247AAC5C050}.Release|Any CPU.Build.0 = Release|Any CPU
		{F52880D4-2438-4D70-84E7-E33B2B707690}.Debug|Any CPU.ActiveCfg = Debug|Any CPU
		{F52880D4-2438-4D70-84E7-E33B2B707690}.Debug|Any CPU.Build.0 = Debug|Any CPU
		{F52880D4-2438-4D70-84E7-E33B2B707690}.Release|Any CPU.ActiveCfg = Release|Any CPU
		{F52880D4-2438-4D70-84E7-E33B2B707690}.Release|Any CPU.Build.0 = Release|Any CPU
		{34255FE6-8F43-416E-B881-63750045404C}.Debug|Any CPU.ActiveCfg = Debug|Any CPU
		{34255FE6-8F43-416E-B881-63750045404C}.Debug|Any CPU.Build.0 = Debug|Any CPU
		{34255FE6-8F43-416E-B881-63750045404C}.Release|Any CPU.ActiveCfg = Release|Any CPU
		{34255FE6-8F43-416E-B881-63750045404C}.Release|Any CPU.Build.0 = Release|Any CPU
	EndGlobalSection
	GlobalSection(NestedProjects) = preSolution
		{6C8043F3-EB93-4667-802C-02677E42B440} = {585CDFB7-3DD8-4284-BDC4-8F28D067EF9D}
		{1EB56FD4-4B6E-4756-983F-8247AAC5C050} = {585CDFB7-3DD8-4284-BDC4-8F28D067EF9D}
		{F52880D4-2438-4D70-84E7-E33B2B707690} = {585CDFB7-3DD8-4284-BDC4-8F28D067EF9D}
		{34255FE6-8F43-416E-B881-63750045404C} = {585CDFB7-3DD8-4284-BDC4-8F28D067EF9D}
	EndGlobalSection
EndGlobal
